// !$*UTF8*$!
{
	archiveVersion = 1;
	classes = {
	};
	objectVersion = 46;
	objects = {

/* Begin PBXBuildFile section */
		1617570119791C3E0063F1C9 /* ShinobiGrids.framework in Frameworks */ = {isa = PBXBuildFile; fileRef = 1617570019791C3E0063F1C9 /* ShinobiGrids.framework */; };
		1617570419791C880063F1C9 /* PersonDataObject.m in Sources */ = {isa = PBXBuildFile; fileRef = 1617570319791C880063F1C9 /* PersonDataObject.m */; };
		1617570719791C930063F1C9 /* PersonDataSource.m in Sources */ = {isa = PBXBuildFile; fileRef = 1617570619791C930063F1C9 /* PersonDataSource.m */; };
		1617570A19791CBD0063F1C9 /* NSArray+Util.m in Sources */ = {isa = PBXBuildFile; fileRef = 1617570919791CBD0063F1C9 /* NSArray+Util.m */; };
		1617570E19791FFC0063F1C9 /* SGridCell+RemoveShadow.m in Sources */ = {isa = PBXBuildFile; fileRef = 1617570D19791FFC0063F1C9 /* SGridCell+RemoveShadow.m */; };
		720494D716AA8AE000751EDC /* UIKit.framework in Frameworks */ = {isa = PBXBuildFile; fileRef = 720494D616AA8AE000751EDC /* UIKit.framework */; };
		720494D916AA8AE000751EDC /* Foundation.framework in Frameworks */ = {isa = PBXBuildFile; fileRef = 720494D816AA8AE000751EDC /* Foundation.framework */; };
		720494DB16AA8AE000751EDC /* CoreGraphics.framework in Frameworks */ = {isa = PBXBuildFile; fileRef = 720494DA16AA8AE000751EDC /* CoreGraphics.framework */; };
		720494E116AA8AE000751EDC /* InfoPlist.strings in Resources */ = {isa = PBXBuildFile; fileRef = 720494DF16AA8AE000751EDC /* InfoPlist.strings */; };
		720494E316AA8AE000751EDC /* main.m in Sources */ = {isa = PBXBuildFile; fileRef = 720494E216AA8AE000751EDC /* main.m */; };
		720494E716AA8AE000751EDC /* AppDelegate.m in Sources */ = {isa = PBXBuildFile; fileRef = 720494E616AA8AE000751EDC /* AppDelegate.m */; };
		720494E916AA8AE000751EDC /* Default.png in Resources */ = {isa = PBXBuildFile; fileRef = 720494E816AA8AE000751EDC /* Default.png */; };
		720494EB16AA8AE000751EDC /* Default@2x.png in Resources */ = {isa = PBXBuildFile; fileRef = 720494EA16AA8AE000751EDC /* Default@2x.png */; };
		720494ED16AA8AE000751EDC /* Default-568h@2x.png in Resources */ = {isa = PBXBuildFile; fileRef = 720494EC16AA8AE000751EDC /* Default-568h@2x.png */; };
		720494F016AA8AE000751EDC /* ViewController.m in Sources */ = {isa = PBXBuildFile; fileRef = 720494EF16AA8AE000751EDC /* ViewController.m */; };
		720494F316AA8AE000751EDC /* ViewController.xib in Resources */ = {isa = PBXBuildFile; fileRef = 720494F116AA8AE000751EDC /* ViewController.xib */; };
		72FDA44016F8B21B00D08DBB /* QuartzCore.framework in Frameworks */ = {isa = PBXBuildFile; fileRef = 72FDA43F16F8B21B00D08DBB /* QuartzCore.framework */; };
		F4BD88CB1727F2AC001404AF /* Security.framework in Frameworks */ = {isa = PBXBuildFile; fileRef = F4BD88CA1727F2AC001404AF /* Security.framework */; };
/* End PBXBuildFile section */

/* Begin PBXFileReference section */
		1617570019791C3E0063F1C9 /* ShinobiGrids.framework */ = {isa = PBXFileReference; lastKnownFileType = wrapper.framework; name = ShinobiGrids.framework; path = Library/Frameworks/ShinobiGrids.framework; sourceTree = DEVELOPER_DIR; };
		1617570219791C880063F1C9 /* PersonDataObject.h */ = {isa = PBXFileReference; fileEncoding = 4; lastKnownFileType = sourcecode.c.h; path = PersonDataObject.h; sourceTree = "<group>"; };
		1617570319791C880063F1C9 /* PersonDataObject.m */ = {isa = PBXFileReference; fileEncoding = 4; lastKnownFileType = sourcecode.c.objc; path = PersonDataObject.m; sourceTree = "<group>"; };
		1617570519791C930063F1C9 /* PersonDataSource.h */ = {isa = PBXFileReference; fileEncoding = 4; lastKnownFileType = sourcecode.c.h; path = PersonDataSource.h; sourceTree = "<group>"; };
		1617570619791C930063F1C9 /* PersonDataSource.m */ = {isa = PBXFileReference; fileEncoding = 4; lastKnownFileType = sourcecode.c.objc; path = PersonDataSource.m; sourceTree = "<group>"; };
		1617570819791CBD0063F1C9 /* NSArray+Util.h */ = {isa = PBXFileReference; fileEncoding = 4; lastKnownFileType = sourcecode.c.h; path = "NSArray+Util.h"; sourceTree = "<group>"; };
		1617570919791CBD0063F1C9 /* NSArray+Util.m */ = {isa = PBXFileReference; fileEncoding = 4; lastKnownFileType = sourcecode.c.objc; path = "NSArray+Util.m"; sourceTree = "<group>"; };
		1617570C19791FFC0063F1C9 /* SGridCell+RemoveShadow.h */ = {isa = PBXFileReference; fileEncoding = 4; lastKnownFileType = sourcecode.c.h; path = "SGridCell+RemoveShadow.h"; sourceTree = "<group>"; };
		1617570D19791FFC0063F1C9 /* SGridCell+RemoveShadow.m */ = {isa = PBXFileReference; fileEncoding = 4; lastKnownFileType = sourcecode.c.objc; path = "SGridCell+RemoveShadow.m"; sourceTree = "<group>"; };
		720494D216AA8AE000751EDC /* RemoveDropShadow.app */ = {isa = PBXFileReference; explicitFileType = wrapper.application; includeInIndex = 0; path = RemoveDropShadow.app; sourceTree = BUILT_PRODUCTS_DIR; };
		720494D616AA8AE000751EDC /* UIKit.framework */ = {isa = PBXFileReference; lastKnownFileType = wrapper.framework; name = UIKit.framework; path = System/Library/Frameworks/UIKit.framework; sourceTree = SDKROOT; };
		720494D816AA8AE000751EDC /* Foundation.framework */ = {isa = PBXFileReference; lastKnownFileType = wrapper.framework; name = Foundation.framework; path = System/Library/Frameworks/Foundation.framework; sourceTree = SDKROOT; };
		720494DA16AA8AE000751EDC /* CoreGraphics.framework */ = {isa = PBXFileReference; lastKnownFileType = wrapper.framework; name = CoreGraphics.framework; path = System/Library/Frameworks/CoreGraphics.framework; sourceTree = SDKROOT; };
		720494DE16AA8AE000751EDC /* RemoveDropShadow-Info.plist */ = {isa = PBXFileReference; lastKnownFileType = text.plist.xml; path = "RemoveDropShadow-Info.plist"; sourceTree = "<group>"; };
		720494E016AA8AE000751EDC /* en */ = {isa = PBXFileReference; lastKnownFileType = text.plist.strings; name = en; path = en.lproj/InfoPlist.strings; sourceTree = "<group>"; };
		720494E216AA8AE000751EDC /* main.m */ = {isa = PBXFileReference; lastKnownFileType = sourcecode.c.objc; path = main.m; sourceTree = "<group>"; };
		720494E416AA8AE000751EDC /* RemoveDropShadow-Prefix.pch */ = {isa = PBXFileReference; lastKnownFileType = sourcecode.c.h; path = "RemoveDropShadow-Prefix.pch"; sourceTree = "<group>"; };
		720494E516AA8AE000751EDC /* AppDelegate.h */ = {isa = PBXFileReference; lastKnownFileType = sourcecode.c.h; path = AppDelegate.h; sourceTree = "<group>"; };
		720494E616AA8AE000751EDC /* AppDelegate.m */ = {isa = PBXFileReference; lastKnownFileType = sourcecode.c.objc; path = AppDelegate.m; sourceTree = "<group>"; };
		720494E816AA8AE000751EDC /* Default.png */ = {isa = PBXFileReference; lastKnownFileType = image.png; path = Default.png; sourceTree = "<group>"; };
		720494EA16AA8AE000751EDC /* Default@2x.png */ = {isa = PBXFileReference; lastKnownFileType = image.png; path = "Default@2x.png"; sourceTree = "<group>"; };
		720494EC16AA8AE000751EDC /* Default-568h@2x.png */ = {isa = PBXFileReference; lastKnownFileType = image.png; path = "Default-568h@2x.png"; sourceTree = "<group>"; };
		720494EE16AA8AE000751EDC /* ViewController.h */ = {isa = PBXFileReference; lastKnownFileType = sourcecode.c.h; path = ViewController.h; sourceTree = "<group>"; };
		720494EF16AA8AE000751EDC /* ViewController.m */ = {isa = PBXFileReference; lastKnownFileType = sourcecode.c.objc; path = ViewController.m; sourceTree = "<group>"; };
		720494F216AA8AE000751EDC /* en */ = {isa = PBXFileReference; lastKnownFileType = file.xib; name = en; path = en.lproj/ViewController.xib; sourceTree = "<group>"; };
		72FDA43F16F8B21B00D08DBB /* QuartzCore.framework */ = {isa = PBXFileReference; lastKnownFileType = wrapper.framework; name = QuartzCore.framework; path = System/Library/Frameworks/QuartzCore.framework; sourceTree = SDKROOT; };
		F4BD88CA1727F2AC001404AF /* Security.framework */ = {isa = PBXFileReference; lastKnownFileType = wrapper.framework; name = Security.framework; path = System/Library/Frameworks/Security.framework; sourceTree = SDKROOT; };
/* End PBXFileReference section */

/* Begin PBXFrameworksBuildPhase section */
		720494CF16AA8AE000751EDC /* Frameworks */ = {
			isa = PBXFrameworksBuildPhase;
			buildActionMask = 2147483647;
			files = (
				1617570119791C3E0063F1C9 /* ShinobiGrids.framework in Frameworks */,
				F4BD88CB1727F2AC001404AF /* Security.framework in Frameworks */,
				72FDA44016F8B21B00D08DBB /* QuartzCore.framework in Frameworks */,
				720494D716AA8AE000751EDC /* UIKit.framework in Frameworks */,
				720494D916AA8AE000751EDC /* Foundation.framework in Frameworks */,
				720494DB16AA8AE000751EDC /* CoreGraphics.framework in Frameworks */,
			);
			runOnlyForDeploymentPostprocessing = 0;
		};
/* End PBXFrameworksBuildPhase section */

/* Begin PBXGroup section */
		720494C716AA8AE000751EDC = {
			isa = PBXGroup;
			children = (
				720494DC16AA8AE000751EDC /* RemoveDropShadow */,
				720494D516AA8AE000751EDC /* Frameworks */,
				720494D316AA8AE000751EDC /* Products */,
			);
			sourceTree = "<group>";
		};
		720494D316AA8AE000751EDC /* Products */ = {
			isa = PBXGroup;
			children = (
				720494D216AA8AE000751EDC /* RemoveDropShadow.app */,
			);
			name = Products;
			sourceTree = "<group>";
		};
		720494D516AA8AE000751EDC /* Frameworks */ = {
			isa = PBXGroup;
			children = (
				1617570019791C3E0063F1C9 /* ShinobiGrids.framework */,
				72FDA43F16F8B21B00D08DBB /* QuartzCore.framework */,
				720494D616AA8AE000751EDC /* UIKit.framework */,
				720494D816AA8AE000751EDC /* Foundation.framework */,
				720494DA16AA8AE000751EDC /* CoreGraphics.framework */,
				F4BD88CA1727F2AC001404AF /* Security.framework */,
			);
			name = Frameworks;
			sourceTree = "<group>";
		};
		720494DC16AA8AE000751EDC /* RemoveDropShadow */ = {
			isa = PBXGroup;
			children = (
				1617570C19791FFC0063F1C9 /* SGridCell+RemoveShadow.h */,
				1617570D19791FFC0063F1C9 /* SGridCell+RemoveShadow.m */,
				1617570219791C880063F1C9 /* PersonDataObject.h */,
				1617570319791C880063F1C9 /* PersonDataObject.m */,
				1617570519791C930063F1C9 /* PersonDataSource.h */,
				1617570619791C930063F1C9 /* PersonDataSource.m */,
				1617570819791CBD0063F1C9 /* NSArray+Util.h */,
				1617570919791CBD0063F1C9 /* NSArray+Util.m */,
				720494E516AA8AE000751EDC /* AppDelegate.h */,
				720494E616AA8AE000751EDC /* AppDelegate.m */,
				720494EE16AA8AE000751EDC /* ViewController.h */,
				720494EF16AA8AE000751EDC /* ViewController.m */,
				720494F116AA8AE000751EDC /* ViewController.xib */,
				720494DD16AA8AE000751EDC /* Supporting Files */,
			);
			path = RemoveDropShadow;
			sourceTree = "<group>";
		};
		720494DD16AA8AE000751EDC /* Supporting Files */ = {
			isa = PBXGroup;
			children = (
				720494DE16AA8AE000751EDC /* RemoveDropShadow-Info.plist */,
				720494DF16AA8AE000751EDC /* InfoPlist.strings */,
				720494E216AA8AE000751EDC /* main.m */,
				720494E416AA8AE000751EDC /* RemoveDropShadow-Prefix.pch */,
				720494E816AA8AE000751EDC /* Default.png */,
				720494EA16AA8AE000751EDC /* Default@2x.png */,
				720494EC16AA8AE000751EDC /* Default-568h@2x.png */,
			);
			name = "Supporting Files";
			sourceTree = "<group>";
		};
/* End PBXGroup section */

/* Begin PBXNativeTarget section */
		720494D116AA8AE000751EDC /* RemoveDropShadow */ = {
			isa = PBXNativeTarget;
			buildConfigurationList = 720494F616AA8AE000751EDC /* Build configuration list for PBXNativeTarget "RemoveDropShadow" */;
			buildPhases = (
				720494CE16AA8AE000751EDC /* Sources */,
				720494CF16AA8AE000751EDC /* Frameworks */,
				720494D016AA8AE000751EDC /* Resources */,
			);
			buildRules = (
			);
			dependencies = (
			);
			name = RemoveDropShadow;
			productName = RemoveDropShadow;
			productReference = 720494D216AA8AE000751EDC /* RemoveDropShadow.app */;
			productType = "com.apple.product-type.application";
		};
/* End PBXNativeTarget section */

/* Begin PBXProject section */
		720494C916AA8AE000751EDC /* Project object */ = {
			isa = PBXProject;
			attributes = {
				LastUpgradeCheck = 0510;
				ORGANIZATIONNAME = "Colin Eberhardt";
			};
			buildConfigurationList = 720494CC16AA8AE000751EDC /* Build configuration list for PBXProject "RemoveDropShadow" */;
			compatibilityVersion = "Xcode 3.2";
			developmentRegion = English;
			hasScannedForEncodings = 0;
			knownRegions = (
				en,
			);
			mainGroup = 720494C716AA8AE000751EDC;
			productRefGroup = 720494D316AA8AE000751EDC /* Products */;
			projectDirPath = "";
			projectRoot = "";
			targets = (
				720494D116AA8AE000751EDC /* RemoveDropShadow */,
			);
		};
/* End PBXProject section */

/* Begin PBXResourcesBuildPhase section */
		720494D016AA8AE000751EDC /* Resources */ = {
			isa = PBXResourcesBuildPhase;
			buildActionMask = 2147483647;
			files = (
				720494E116AA8AE000751EDC /* InfoPlist.strings in Resources */,
				720494E916AA8AE000751EDC /* Default.png in Resources */,
				720494EB16AA8AE000751EDC /* Default@2x.png in Resources */,
				720494ED16AA8AE000751EDC /* Default-568h@2x.png in Resources */,
				720494F316AA8AE000751EDC /* ViewController.xib in Resources */,
			);
			runOnlyForDeploymentPostprocessing = 0;
		};
/* End PBXResourcesBuildPhase section */

/* Begin PBXSourcesBuildPhase section */
		720494CE16AA8AE000751EDC /* Sources */ = {
			isa = PBXSourcesBuildPhase;
			buildActionMask = 2147483647;
			files = (
				720494E316AA8AE000751EDC /* main.m in Sources */,
				1617570719791C930063F1C9 /* PersonDataSource.m in Sources */,
				1617570A19791CBD0063F1C9 /* NSArray+Util.m in Sources */,
				1617570419791C880063F1C9 /* PersonDataObject.m in Sources */,
				1617570E19791FFC0063F1C9 /* SGridCell+RemoveShadow.m in Sources */,
				720494E716AA8AE000751EDC /* AppDelegate.m in Sources */,
				720494F016AA8AE000751EDC /* ViewController.m in Sources */,
			);
			runOnlyForDeploymentPostprocessing = 0;
		};
/* End PBXSourcesBuildPhase section */

/* Begin PBXVariantGroup section */
		720494DF16AA8AE000751EDC /* InfoPlist.strings */ = {
			isa = PBXVariantGroup;
			children = (
				720494E016AA8AE000751EDC /* en */,
			);
			name = InfoPlist.strings;
			sourceTree = "<group>";
		};
		720494F116AA8AE000751EDC /* ViewController.xib */ = {
			isa = PBXVariantGroup;
			children = (
				720494F216AA8AE000751EDC /* en */,
			);
			name = ViewController.xib;
			sourceTree = "<group>";
		};
/* End PBXVariantGroup section */

/* Begin XCBuildConfiguration section */
		720494F416AA8AE000751EDC /* Debug */ = {
			isa = XCBuildConfiguration;
			buildSettings = {
				ALWAYS_SEARCH_USER_PATHS = NO;
				CLANG_CXX_LANGUAGE_STANDARD = "gnu++0x";
				CLANG_CXX_LIBRARY = "libc++";
				CLANG_ENABLE_OBJC_ARC = YES;
				CLANG_WARN_EMPTY_BODY = YES;
				CLANG_WARN__DUPLICATE_METHOD_MATCH = YES;
				"CODE_SIGN_IDENTITY[sdk=iphoneos*]" = "iPhone Developer";
				COPY_PHASE_STRIP = NO;
				GCC_C_LANGUAGE_STANDARD = gnu99;
				GCC_DYNAMIC_NO_PIC = NO;
				GCC_OPTIMIZATION_LEVEL = 0;
				GCC_PREPROCESSOR_DEFINITIONS = (
					"DEBUG=1",
					"$(inherited)",
				);
				GCC_SYMBOLS_PRIVATE_EXTERN = NO;
				GCC_WARN_ABOUT_RETURN_TYPE = YES;
				GCC_WARN_UNINITIALIZED_AUTOS = YES;
				GCC_WARN_UNUSED_VARIABLE = YES;
				IPHONEOS_DEPLOYMENT_TARGET = 6.0;
				ONLY_ACTIVE_ARCH = YES;
				SDKROOT = iphoneos;
				TARGETED_DEVICE_FAMILY = 2;
			};
			name = Debug;
		};
		720494F516AA8AE000751EDC /* Release */ = {
			isa = XCBuildConfiguration;
			buildSettings = {
				ALWAYS_SEARCH_USER_PATHS = NO;
				CLANG_CXX_LANGUAGE_STANDARD = "gnu++0x";
				CLANG_CXX_LIBRARY = "libc++";
				CLANG_ENABLE_OBJC_ARC = YES;
				CLANG_WARN_EMPTY_BODY = YES;
				CLANG_WARN__DUPLICATE_METHOD_MATCH = YES;
				"CODE_SIGN_IDENTITY[sdk=iphoneos*]" = "iPhone Developer";
				COPY_PHASE_STRIP = YES;
				GCC_C_LANGUAGE_STANDARD = gnu99;
				GCC_WARN_ABOUT_RETURN_TYPE = YES;
				GCC_WARN_UNINITIALIZED_AUTOS = YES;
				GCC_WARN_UNUSED_VARIABLE = YES;
				IPHONEOS_DEPLOYMENT_TARGET = 6.0;
				OTHER_CFLAGS = "-DNS_BLOCK_ASSERTIONS=1";
				SDKROOT = iphoneos;
				TARGETED_DEVICE_FAMILY = 2;
				VALIDATE_PRODUCT = YES;
			};
			name = Release;
		};
		720494F716AA8AE000751EDC /* Debug */ = {
			isa = XCBuildConfiguration;
			buildSettings = {
				FRAMEWORK_SEARCH_PATHS = (
					"$(inherited)",
					"\"$(SRCROOT)/../../../\"",
					"$(DEVELOPER_FRAMEWORKS_DIR)",
				);
				GCC_PRECOMPILE_PREFIX_HEADER = YES;
				GCC_PREFIX_HEADER = "RemoveDropShadow/RemoveDropShadow-Prefix.pch";
				INFOPLIST_FILE = "RemoveDropShadow/RemoveDropShadow-Info.plist";
				PRODUCT_NAME = RemoveDropShadow;
				WRAPPER_EXTENSION = app;
			};
			name = Debug;
		};
		720494F816AA8AE000751EDC /* Release */ = {
			isa = XCBuildConfiguration;
			buildSettings = {
				FRAMEWORK_SEARCH_PATHS = (
					"$(inherited)",
					"\"$(SRCROOT)/../../../\"",
					"$(DEVELOPER_FRAMEWORKS_DIR)",
				);
				GCC_PRECOMPILE_PREFIX_HEADER = YES;
				GCC_PREFIX_HEADER = "RemoveDropShadow/RemoveDropShadow-Prefix.pch";
				INFOPLIST_FILE = "RemoveDropShadow/RemoveDropShadow-Info.plist";
				PRODUCT_NAME = RemoveDropShadow;
				WRAPPER_EXTENSION = app;
			};
			name = Release;
		};
/* End XCBuildConfiguration section */

/* Begin XCConfigurationList section */
		720494CC16AA8AE000751EDC /* Build configuration list for PBXProject "RemoveDropShadow" */ = {
			isa = XCConfigurationList;
			buildConfigurations = (
				720494F416AA8AE000751EDC /* Debug */,
				720494F516AA8AE000751EDC /* Release */,
			);
			defaultConfigurationIsVisible = 0;
			defaultConfigurationName = Release;
		};
		720494F616AA8AE000751EDC /* Build configuration list for PBXNativeTarget "RemoveDropShadow" */ = {
			isa = XCConfigurationList;
			buildConfigurations = (
				720494F716AA8AE000751EDC /* Debug */,
				720494F816AA8AE000751EDC /* Release */,
			);
			defaultConfigurationIsVisible = 0;
			defaultConfigurationName = Release;
		};
/* End XCConfigurationList section */
	};
	rootObject = 720494C916AA8AE000751EDC /* Project object */;
}
